// !$*UTF8*$!
{
	archiveVersion = 1;
	classes = {
	};
	objectVersion = 56;
	objects = {

/* Begin PBXBuildFile section */
		0266CF95297CF4DF0094A222 /* Kwicpic_AssesmentApp.swift in Sources */ = {isa = PBXBuildFile; fileRef = 0266CF94297CF4DF0094A222 /* Kwicpic_AssesmentApp.swift */; };
		0266CF97297CF4DF0094A222 /* ContentView.swift in Sources */ = {isa = PBXBuildFile; fileRef = 0266CF96297CF4DF0094A222 /* ContentView.swift */; };
		0266CF99297CF4E00094A222 /* Assets.xcassets in Resources */ = {isa = PBXBuildFile; fileRef = 0266CF98297CF4E00094A222 /* Assets.xcassets */; };
		0266CF9C297CF4E00094A222 /* Preview Assets.xcassets in Resources */ = {isa = PBXBuildFile; fileRef = 0266CF9B297CF4E00094A222 /* Preview Assets.xcassets */; };
		0266CFA3297CF5200094A222 /* NetworkingManager.swift in Sources */ = {isa = PBXBuildFile; fileRef = 0266CFA2297CF5200094A222 /* NetworkingManager.swift */; };
		0266CFC1297D14010094A222 /* Realm in Frameworks */ = {isa = PBXBuildFile; productRef = 0266CFC0297D14010094A222 /* Realm */; };
		0266CFC3297D14010094A222 /* RealmSwift in Frameworks */ = {isa = PBXBuildFile; productRef = 0266CFC2297D14010094A222 /* RealmSwift */; };
		0266CFC5297D2E7D0094A222 /* AutoDownloadList.swift in Sources */ = {isa = PBXBuildFile; fileRef = 0266CFC4297D2E7D0094A222 /* AutoDownloadList.swift */; };
		0266CFCA297E8BB50094A222 /* UserModels.swift in Sources */ = {isa = PBXBuildFile; fileRef = 0266CFC9297E8BB50094A222 /* UserModels.swift */; };
		0266CFCC297E8C5A0094A222 /* ImageModel.swift in Sources */ = {isa = PBXBuildFile; fileRef = 0266CFCB297E8C5A0094A222 /* ImageModel.swift */; };
		0266CFCE297F93130094A222 /* DownloadedImages.swift in Sources */ = {isa = PBXBuildFile; fileRef = 0266CFCD297F93120094A222 /* DownloadedImages.swift */; };
		0266CFD1297FB1C50094A222 /* Migrator.swift in Sources */ = {isa = PBXBuildFile; fileRef = 0266CFD0297FB1C50094A222 /* Migrator.swift */; };
/* End PBXBuildFile section */

/* Begin PBXFileReference section */
		0266CF91297CF4DF0094A222 /* Kwicpic Assesment.app */ = {isa = PBXFileReference; explicitFileType = wrapper.application; includeInIndex = 0; path = "Kwicpic Assesment.app"; sourceTree = BUILT_PRODUCTS_DIR; };
		0266CF94297CF4DF0094A222 /* Kwicpic_AssesmentApp.swift */ = {isa = PBXFileReference; lastKnownFileType = sourcecode.swift; path = Kwicpic_AssesmentApp.swift; sourceTree = "<group>"; };
		0266CF96297CF4DF0094A222 /* ContentView.swift */ = {isa = PBXFileReference; lastKnownFileType = sourcecode.swift; path = ContentView.swift; sourceTree = "<group>"; };
		0266CF98297CF4E00094A222 /* Assets.xcassets */ = {isa = PBXFileReference; lastKnownFileType = folder.assetcatalog; path = Assets.xcassets; sourceTree = "<group>"; };
		0266CF9B297CF4E00094A222 /* Preview Assets.xcassets */ = {isa = PBXFileReference; lastKnownFileType = folder.assetcatalog; path = "Preview Assets.xcassets"; sourceTree = "<group>"; };
		0266CFA2297CF5200094A222 /* NetworkingManager.swift */ = {isa = PBXFileReference; lastKnownFileType = sourcecode.swift; path = NetworkingManager.swift; sourceTree = "<group>"; };
		0266CFBE297CFEF40094A222 /* Kwicpic-Assesment-Info.plist */ = {isa = PBXFileReference; lastKnownFileType = text.plist; path = "Kwicpic-Assesment-Info.plist"; sourceTree = SOURCE_ROOT; };
		0266CFC4297D2E7D0094A222 /* AutoDownloadList.swift */ = {isa = PBXFileReference; lastKnownFileType = sourcecode.swift; path = AutoDownloadList.swift; sourceTree = "<group>"; };
		0266CFC9297E8BB50094A222 /* UserModels.swift */ = {isa = PBXFileReference; lastKnownFileType = sourcecode.swift; path = UserModels.swift; sourceTree = "<group>"; };
		0266CFCB297E8C5A0094A222 /* ImageModel.swift */ = {isa = PBXFileReference; lastKnownFileType = sourcecode.swift; path = ImageModel.swift; sourceTree = "<group>"; };
		0266CFCD297F93120094A222 /* DownloadedImages.swift */ = {isa = PBXFileReference; lastKnownFileType = sourcecode.swift; path = DownloadedImages.swift; sourceTree = "<group>"; };
		0266CFD0297FB1C50094A222 /* Migrator.swift */ = {isa = PBXFileReference; lastKnownFileType = sourcecode.swift; path = Migrator.swift; sourceTree = "<group>"; };
/* End PBXFileReference section */

/* Begin PBXFrameworksBuildPhase section */
		0266CF8E297CF4DF0094A222 /* Frameworks */ = {
			isa = PBXFrameworksBuildPhase;
			buildActionMask = 2147483647;
			files = (
				0266CFC3297D14010094A222 /* RealmSwift in Frameworks */,
				0266CFC1297D14010094A222 /* Realm in Frameworks */,
			);
			runOnlyForDeploymentPostprocessing = 0;
		};
/* End PBXFrameworksBuildPhase section */

/* Begin PBXGroup section */
		0266CF88297CF4DF0094A222 = {
			isa = PBXGroup;
			children = (
				0266CF93297CF4DF0094A222 /* Kwicpic Assesment */,
				0266CF92297CF4DF0094A222 /* Products */,
			);
			sourceTree = "<group>";
		};
		0266CF92297CF4DF0094A222 /* Products */ = {
			isa = PBXGroup;
			children = (
				0266CF91297CF4DF0094A222 /* Kwicpic Assesment.app */,
			);
			name = Products;
			sourceTree = "<group>";
		};
		0266CF93297CF4DF0094A222 /* Kwicpic Assesment */ = {
			isa = PBXGroup;
			children = (
				0266CFCF297FB1AB0094A222 /* Utils */,
				0266CFC8297E8B870094A222 /* Models */,
				0266CFBE297CFEF40094A222 /* Kwicpic-Assesment-Info.plist */,
				0266CF94297CF4DF0094A222 /* Kwicpic_AssesmentApp.swift */,
				0266CF96297CF4DF0094A222 /* ContentView.swift */,
				0266CFA2297CF5200094A222 /* NetworkingManager.swift */,
				0266CF98297CF4E00094A222 /* Assets.xcassets */,
				0266CF9A297CF4E00094A222 /* Preview Content */,
			);
			path = "Kwicpic Assesment";
			sourceTree = "<group>";
		};
		0266CF9A297CF4E00094A222 /* Preview Content */ = {
			isa = PBXGroup;
			children = (
				0266CF9B297CF4E00094A222 /* Preview Assets.xcassets */,
			);
			path = "Preview Content";
			sourceTree = "<group>";
		};
		0266CFC8297E8B870094A222 /* Models */ = {
			isa = PBXGroup;
			children = (
				0266CFC9297E8BB50094A222 /* UserModels.swift */,
				0266CFC4297D2E7D0094A222 /* AutoDownloadList.swift */,
				0266CFCB297E8C5A0094A222 /* ImageModel.swift */,
				0266CFCD297F93120094A222 /* DownloadedImages.swift */,
			);
			path = Models;
			sourceTree = "<group>";
		};
		0266CFCF297FB1AB0094A222 /* Utils */ = {
			isa = PBXGroup;
			children = (
				0266CFD0297FB1C50094A222 /* Migrator.swift */,
			);
			path = Utils;
			sourceTree = "<group>";
		};
/* End PBXGroup section */

/* Begin PBXNativeTarget section */
		0266CF90297CF4DF0094A222 /* Kwicpic Assesment */ = {
			isa = PBXNativeTarget;
			buildConfigurationList = 0266CF9F297CF4E00094A222 /* Build configuration list for PBXNativeTarget "Kwicpic Assesment" */;
			buildPhases = (
				0266CF8D297CF4DF0094A222 /* Sources */,
				0266CF8E297CF4DF0094A222 /* Frameworks */,
				0266CF8F297CF4DF0094A222 /* Resources */,
			);
			buildRules = (
			);
			dependencies = (
			);
			name = "Kwicpic Assesment";
			packageProductDependencies = (
				0266CFC0297D14010094A222 /* Realm */,
				0266CFC2297D14010094A222 /* RealmSwift */,
			);
			productName = "Kwicpic Assesment";
			productReference = 0266CF91297CF4DF0094A222 /* Kwicpic Assesment.app */;
			productType = "com.apple.product-type.application";
		};
/* End PBXNativeTarget section */

/* Begin PBXProject section */
		0266CF89297CF4DF0094A222 /* Project object */ = {
			isa = PBXProject;
			attributes = {
				BuildIndependentTargetsInParallel = 1;
				LastSwiftUpdateCheck = 1420;
				LastUpgradeCheck = 1420;
				TargetAttributes = {
					0266CF90297CF4DF0094A222 = {
						CreatedOnToolsVersion = 14.2;
					};
				};
			};
			buildConfigurationList = 0266CF8C297CF4DF0094A222 /* Build configuration list for PBXProject "Kwicpic Assesment" */;
			compatibilityVersion = "Xcode 14.0";
			developmentRegion = en;
			hasScannedForEncodings = 0;
			knownRegions = (
				en,
				Base,
			);
			mainGroup = 0266CF88297CF4DF0094A222;
			packageReferences = (
				0266CFBF297D14010094A222 /* XCRemoteSwiftPackageReference "realm-swift" */,
			);
			productRefGroup = 0266CF92297CF4DF0094A222 /* Products */;
			projectDirPath = "";
			projectRoot = "";
			targets = (
				0266CF90297CF4DF0094A222 /* Kwicpic Assesment */,
			);
		};
/* End PBXProject section */

/* Begin PBXResourcesBuildPhase section */
		0266CF8F297CF4DF0094A222 /* Resources */ = {
			isa = PBXResourcesBuildPhase;
			buildActionMask = 2147483647;
			files = (
				0266CF9C297CF4E00094A222 /* Preview Assets.xcassets in Resources */,
				0266CF99297CF4E00094A222 /* Assets.xcassets in Resources */,
			);
			runOnlyForDeploymentPostprocessing = 0;
		};
/* End PBXResourcesBuildPhase section */

/* Begin PBXSourcesBuildPhase section */
		0266CF8D297CF4DF0094A222 /* Sources */ = {
			isa = PBXSourcesBuildPhase;
			buildActionMask = 2147483647;
			files = (
				0266CFCE297F93130094A222 /* DownloadedImages.swift in Sources */,
				0266CFA3297CF5200094A222 /* NetworkingManager.swift in Sources */,
				0266CFCC297E8C5A0094A222 /* ImageModel.swift in Sources */,
				0266CFCA297E8BB50094A222 /* UserModels.swift in Sources */,
				0266CF97297CF4DF0094A222 /* ContentView.swift in Sources */,
				0266CFC5297D2E7D0094A222 /* AutoDownloadList.swift in Sources */,
				0266CFD1297FB1C50094A222 /* Migrator.swift in Sources */,
				0266CF95297CF4DF0094A222 /* Kwicpic_AssesmentApp.swift in Sources */,
			);
			runOnlyForDeploymentPostprocessing = 0;
		};
/* End PBXSourcesBuildPhase section */

/* Begin XCBuildConfiguration section */
		0266CF9D297CF4E00094A222 /* Debug */ = {
			isa = XCBuildConfiguration;
			buildSettings = {
				ALWAYS_SEARCH_USER_PATHS = NO;
				CLANG_ANALYZER_NONNULL = YES;
				CLANG_ANALYZER_NUMBER_OBJECT_CONVERSION = YES_AGGRESSIVE;
				CLANG_CXX_LANGUAGE_STANDARD = "gnu++20";
				CLANG_ENABLE_MODULES = YES;
				CLANG_ENABLE_OBJC_ARC = YES;
				CLANG_ENABLE_OBJC_WEAK = YES;
				CLANG_WARN_BLOCK_CAPTURE_AUTORELEASING = YES;
				CLANG_WARN_BOOL_CONVERSION = YES;
				CLANG_WARN_COMMA = YES;
				CLANG_WARN_CONSTANT_CONVERSION = YES;
				CLANG_WARN_DEPRECATED_OBJC_IMPLEMENTATIONS = YES;
				CLANG_WARN_DIRECT_OBJC_ISA_USAGE = YES_ERROR;
				CLANG_WARN_DOCUMENTATION_COMMENTS = YES;
				CLANG_WARN_EMPTY_BODY = YES;
				CLANG_WARN_ENUM_CONVERSION = YES;
				CLANG_WARN_INFINITE_RECURSION = YES;
				CLANG_WARN_INT_CONVERSION = YES;
				CLANG_WARN_NON_LITERAL_NULL_CONVERSION = YES;
				CLANG_WARN_OBJC_IMPLICIT_RETAIN_SELF = YES;
				CLANG_WARN_OBJC_LITERAL_CONVERSION = YES;
				CLANG_WARN_OBJC_ROOT_CLASS = YES_ERROR;
				CLANG_WARN_QUOTED_INCLUDE_IN_FRAMEWORK_HEADER = YES;
				CLANG_WARN_RANGE_LOOP_ANALYSIS = YES;
				CLANG_WARN_STRICT_PROTOTYPES = YES;
				CLANG_WARN_SUSPICIOUS_MOVE = YES;
				CLANG_WARN_UNGUARDED_AVAILABILITY = YES_AGGRESSIVE;
				CLANG_WARN_UNREACHABLE_CODE = YES;
				CLANG_WARN__DUPLICATE_METHOD_MATCH = YES;
				COPY_PHASE_STRIP = NO;
				DEBUG_INFORMATION_FORMAT = dwarf;
				ENABLE_STRICT_OBJC_MSGSEND = YES;
				ENABLE_TESTABILITY = YES;
				GCC_C_LANGUAGE_STANDARD = gnu11;
				GCC_DYNAMIC_NO_PIC = NO;
				GCC_NO_COMMON_BLOCKS = YES;
				GCC_OPTIMIZATION_LEVEL = 0;
				GCC_PREPROCESSOR_DEFINITIONS = (
					"DEBUG=1",
					"$(inherited)",
				);
				GCC_WARN_64_TO_32_BIT_CONVERSION = YES;
				GCC_WARN_ABOUT_RETURN_TYPE = YES_ERROR;
				GCC_WARN_UNDECLARED_SELECTOR = YES;
				GCC_WARN_UNINITIALIZED_AUTOS = YES_AGGRESSIVE;
				GCC_WARN_UNUSED_FUNCTION = YES;
				GCC_WARN_UNUSED_VARIABLE = YES;
				IPHONEOS_DEPLOYMENT_TARGET = 16.2;
				MTL_ENABLE_DEBUG_INFO = INCLUDE_SOURCE;
				MTL_FAST_MATH = YES;
				ONLY_ACTIVE_ARCH = YES;
				SDKROOT = iphoneos;
				SWIFT_ACTIVE_COMPILATION_CONDITIONS = DEBUG;
				SWIFT_OPTIMIZATION_LEVEL = "-Onone";
			};
			name = Debug;
		};
		0266CF9E297CF4E00094A222 /* Release */ = {
			isa = XCBuildConfiguration;
			buildSettings = {
				ALWAYS_SEARCH_USER_PATHS = NO;
				CLANG_ANALYZER_NONNULL = YES;
				CLANG_ANALYZER_NUMBER_OBJECT_CONVERSION = YES_AGGRESSIVE;
				CLANG_CXX_LANGUAGE_STANDARD = "gnu++20";
				CLANG_ENABLE_MODULES = YES;
				CLANG_ENABLE_OBJC_ARC = YES;
				CLANG_ENABLE_OBJC_WEAK = YES;
				CLANG_WARN_BLOCK_CAPTURE_AUTORELEASING = YES;
				CLANG_WARN_BOOL_CONVERSION = YES;
				CLANG_WARN_COMMA = YES;
				CLANG_WARN_CONSTANT_CONVERSION = YES;
				CLANG_WARN_DEPRECATED_OBJC_IMPLEMENTATIONS = YES;
				CLANG_WARN_DIRECT_OBJC_ISA_USAGE = YES_ERROR;
				CLANG_WARN_DOCUMENTATION_COMMENTS = YES;
				CLANG_WARN_EMPTY_BODY = YES;
				CLANG_WARN_ENUM_CONVERSION = YES;
				CLANG_WARN_INFINITE_RECURSION = YES;
				CLANG_WARN_INT_CONVERSION = YES;
				CLANG_WARN_NON_LITERAL_NULL_CONVERSION = YES;
				CLANG_WARN_OBJC_IMPLICIT_RETAIN_SELF = YES;
				CLANG_WARN_OBJC_LITERAL_CONVERSION = YES;
				CLANG_WARN_OBJC_ROOT_CLASS = YES_ERROR;
				CLANG_WARN_QUOTED_INCLUDE_IN_FRAMEWORK_HEADER = YES;
				CLANG_WARN_RANGE_LOOP_ANALYSIS = YES;
				CLANG_WARN_STRICT_PROTOTYPES = YES;
				CLANG_WARN_SUSPICIOUS_MOVE = YES;
				CLANG_WARN_UNGUARDED_AVAILABILITY = YES_AGGRESSIVE;
				CLANG_WARN_UNREACHABLE_CODE = YES;
				CLANG_WARN__DUPLICATE_METHOD_MATCH = YES;
				COPY_PHASE_STRIP = NO;
				DEBUG_INFORMATION_FORMAT = "dwarf-with-dsym";
				ENABLE_NS_ASSERTIONS = NO;
				ENABLE_STRICT_OBJC_MSGSEND = YES;
				GCC_C_LANGUAGE_STANDARD = gnu11;
				GCC_NO_COMMON_BLOCKS = YES;
				GCC_WARN_64_TO_32_BIT_CONVERSION = YES;
				GCC_WARN_ABOUT_RETURN_TYPE = YES_ERROR;
				GCC_WARN_UNDECLARED_SELECTOR = YES;
				GCC_WARN_UNINITIALIZED_AUTOS = YES_AGGRESSIVE;
				GCC_WARN_UNUSED_FUNCTION = YES;
				GCC_WARN_UNUSED_VARIABLE = YES;
				IPHONEOS_DEPLOYMENT_TARGET = 16.2;
				MTL_ENABLE_DEBUG_INFO = NO;
				MTL_FAST_MATH = YES;
				SDKROOT = iphoneos;
				SWIFT_COMPILATION_MODE = wholemodule;
				SWIFT_OPTIMIZATION_LEVEL = "-O";
				VALIDATE_PRODUCT = YES;
			};
			name = Release;
		};
		0266CFA0297CF4E00094A222 /* Debug */ = {
			isa = XCBuildConfiguration;
			buildSettings = {
				ASSETCATALOG_COMPILER_APPICON_NAME = AppIcon;
				ASSETCATALOG_COMPILER_GLOBAL_ACCENT_COLOR_NAME = AccentColor;
				CODE_SIGN_STYLE = Automatic;
				CURRENT_PROJECT_VERSION = 1;
				DEVELOPMENT_ASSET_PATHS = "\"Kwicpic Assesment/Preview Content\"";
				ENABLE_PREVIEWS = YES;
				GENERATE_INFOPLIST_FILE = YES;
				INFOPLIST_FILE = "Kwicpic-Assesment-Info.plist";
				INFOPLIST_KEY_LSApplicationCategoryType = "";
				INFOPLIST_KEY_NSPhotoLibraryAddUsageDescription = "Allow access to photo Library";
				INFOPLIST_KEY_UIApplicationSupportsIndirectInputEvents = YES;
				INFOPLIST_KEY_UILaunchScreen_Generation = YES;
				INFOPLIST_KEY_UISupportedInterfaceOrientations_iPad = "UIInterfaceOrientationPortrait UIInterfaceOrientationPortraitUpsideDown UIInterfaceOrientationLandscapeLeft UIInterfaceOrientationLandscapeRight";
				INFOPLIST_KEY_UISupportedInterfaceOrientations_iPhone = "UIInterfaceOrientationPortrait UIInterfaceOrientationLandscapeLeft UIInterfaceOrientationLandscapeRight";
				LD_RUNPATH_SEARCH_PATHS = (
					"$(inherited)",
					"@executable_path/Frameworks",
				);
				MARKETING_VERSION = 1.0;
				PRODUCT_BUNDLE_IDENTIFIER = "com.Adarsh.Kwicpic-Assesment";
				PRODUCT_NAME = "$(TARGET_NAME)";
				SWIFT_EMIT_LOC_STRINGS = YES;
				SWIFT_VERSION = 5.0;
				TARGETED_DEVICE_FAMILY = "1,2";
			};
			name = Debug;
		};
		0266CFA1297CF4E00094A222 /* Release */ = {
			isa = XCBuildConfiguration;
			buildSettings = {
				ASSETCATALOG_COMPILER_APPICON_NAME = AppIcon;
				ASSETCATALOG_COMPILER_GLOBAL_ACCENT_COLOR_NAME = AccentColor;
				CODE_SIGN_STYLE = Automatic;
				CURRENT_PROJECT_VERSION = 1;
				DEVELOPMENT_ASSET_PATHS = "\"Kwicpic Assesment/Preview Content\"";
				ENABLE_PREVIEWS = YES;
				GENERATE_INFOPLIST_FILE = YES;
				INFOPLIST_FILE = "Kwicpic-Assesment-Info.plist";
				INFOPLIST_KEY_LSApplicationCategoryType = "";
				INFOPLIST_KEY_NSPhotoLibraryAddUsageDescription = "Allow access to photo Library";
				INFOPLIST_KEY_UIApplicationSupportsIndirectInputEvents = YES;
				INFOPLIST_KEY_UILaunchScreen_Generation = YES;
				INFOPLIST_KEY_UISupportedInterfaceOrientations_iPad = "UIInterfaceOrientationPortrait UIInterfaceOrientationPortraitUpsideDown UIInterfaceOrientationLandscapeLeft UIInterfaceOrientationLandscapeRight";
				INFOPLIST_KEY_UISupportedInterfaceOrientations_iPhone = "UIInterfaceOrientationPortrait UIInterfaceOrientationLandscapeLeft UIInterfaceOrientationLandscapeRight";
				LD_RUNPATH_SEARCH_PATHS = (
					"$(inherited)",
					"@executable_path/Frameworks",
				);
				MARKETING_VERSION = 1.0;
				PRODUCT_BUNDLE_IDENTIFIER = "com.Adarsh.Kwicpic-Assesment";
				PRODUCT_NAME = "$(TARGET_NAME)";
				SWIFT_EMIT_LOC_STRINGS = YES;
				SWIFT_VERSION = 5.0;
				TARGETED_DEVICE_FAMILY = "1,2";
			};
			name = Release;
		};
/* End XCBuildConfiguration section */

/* Begin XCConfigurationList section */
		0266CF8C297CF4DF0094A222 /* Build configuration list for PBXProject "Kwicpic Assesment" */ = {
			isa = XCConfigurationList;
			buildConfigurations = (
				0266CF9D297CF4E00094A222 /* Debug */,
				0266CF9E297CF4E00094A222 /* Release */,
			);
			defaultConfigurationIsVisible = 0;
			defaultConfigurationName = Release;
		};
		0266CF9F297CF4E00094A222 /* Build configuration list for PBXNativeTarget "Kwicpic Assesment" */ = {
			isa = XCConfigurationList;
			buildConfigurations = (
				0266CFA0297CF4E00094A222 /* Debug */,
				0266CFA1297CF4E00094A222 /* Release */,
			);
			defaultConfigurationIsVisible = 0;
			defaultConfigurationName = Release;
		};
/* End XCConfigurationList section */

/* Begin XCRemoteSwiftPackageReference section */
		0266CFBF297D14010094A222 /* XCRemoteSwiftPackageReference "realm-swift" */ = {
			isa = XCRemoteSwiftPackageReference;
			repositoryURL = "https://github.com/realm/realm-swift.git";
			requirement = {
				branch = master;
				kind = branch;
			};
		};
/* End XCRemoteSwiftPackageReference section */

/* Begin XCSwiftPackageProductDependency section */
		0266CFC0297D14010094A222 /* Realm */ = {
			isa = XCSwiftPackageProductDependency;
			package = 0266CFBF297D14010094A222 /* XCRemoteSwiftPackageReference "realm-swift" */;
			productName = Realm;
		};
		0266CFC2297D14010094A222 /* RealmSwift */ = {
			isa = XCSwiftPackageProductDependency;
			package = 0266CFBF297D14010094A222 /* XCRemoteSwiftPackageReference "realm-swift" */;
			productName = RealmSwift;
		};
/* End XCSwiftPackageProductDependency section */
	};
	rootObject = 0266CF89297CF4DF0094A222 /* Project object */;
}
